{
  "name": "social-network-api",
  "version": "1.0.0",
  "lockfileVersion": 2,
  "requires": true,
  "packages": {
    "": {
      "name": "social-network-api",
      "version": "1.0.0",
      "license": "ISC",
      "dependencies": {
        "express-mongoose": "^0.1.0"
      }
    },
    "node_modules/express-mongoose": {
      "version": "0.1.0",
      "resolved": "https://registry.npmjs.org/express-mongoose/-/express-mongoose-0.1.0.tgz",
      "integrity": "sha1-JfDouxLxE/QfTyeHrtMi3J8i3aY=",
      "dependencies": {
        "sliced": "0.0.3"
      },
      "engines": {
        "node": ">= 0.2.0"
      }
    },
    "node_modules/sliced": {
      "version": "0.0.3",
      "resolved": "https://registry.npmjs.org/sliced/-/sliced-0.0.3.tgz",
      "integrity": "sha1-TwusIXHrFxYsO6bfgfXPBA98flA="
    }
  },
  "dependencies": {
    "express-mongoose": {
      "version": "0.1.0",
      "resolved": "https://registry.npmjs.org/express-mongoose/-/express-mongoose-0.1.0.tgz",
      "integrity": "sha1-JfDouxLxE/QfTyeHrtMi3J8i3aY=",
      "requires": {
        "sliced": "0.0.3"
      }
    },
    "sliced": {
      "version": "0.0.3",
      "resolved": "https://registry.npmjs.org/sliced/-/sliced-0.0.3.tgz",
      "integrity": "sha1-TwusIXHrFxYsO6bfgfXPBA98flA="
    }
  }
}
